
Microsoft Visual Studio Solution File, Format Version 12.00
# Visual Studio Version 17
VisualStudioVersion = 17.10.35122.118
MinimumVisualStudioVersion = 10.0.40219.1
Project("{FAE04EC0-301F-11D3-BF4B-00C04F79EFBC}") = "Bai3_MayTinh", "Bai3_MayTinh.csproj", "{94B5814D-AF43-4E4F-A607-D629837F607B}"
EndProject
Global
	GlobalSection(SolutionConfigurationPlatforms) = preSolution
		Debug|Any CPU = Debug|Any CPU
		Release|Any CPU = Release|Any CPU
	EndGlobalSection
	GlobalSection(ProjectConfigurationPlatforms) = postSolution
		{94B5814D-AF43-4E4F-A607-D629837F607B}.Debug|Any CPU.ActiveCfg = Debug|Any CPU
		{94B5814D-AF43-4E4F-A607-D629837F607B}.Debug|Any CPU.Build.0 = Debug|Any CPU
		{94B5814D-AF43-4E4F-A607-D629837F607B}.Release|Any CPU.ActiveCfg = Release|Any CPU
		{94B5814D-AF43-4E4F-A607-D629837F607B}.Release|Any CPU.Build.0 = Release|Any CPU
	EndGlobalSection
	GlobalSection(SolutionProperties) = preSolution
		HideSolutionNode = FALSE
	EndGlobalSection
	GlobalSection(ExtensibilityGlobals) = postSolution
		SolutionGuid = {C1866AA0-F04A-47A1-BF03-E096CC2F98C0}
	EndGlobalSection
EndGlobal
